// !$*UTF8*$!
{
	archiveVersion = 1;
	classes = {
	};
	objectVersion = 48;
	objects = {

/* Begin PBXBuildFile section */
		2DB3717CCA3CB71EACCB9817 /* Pods_DocTalkGitHubTaskTests.framework in Frameworks */ = {isa = PBXBuildFile; fileRef = D4B9120CDEB814B1D8047E39 /* Pods_DocTalkGitHubTaskTests.framework */; };
		5859FE63BEEF95442C47635B /* Pods_DocTalkGitHubTaskUITests.framework in Frameworks */ = {isa = PBXBuildFile; fileRef = 874AE29F102A6A931D722F80 /* Pods_DocTalkGitHubTaskUITests.framework */; };
		BB39A5EF2067C0CB00184CB1 /* AppDelegate.swift in Sources */ = {isa = PBXBuildFile; fileRef = BB39A5EE2067C0CB00184CB1 /* AppDelegate.swift */; };
		BB39A5F42067C0CB00184CB1 /* Main.storyboard in Resources */ = {isa = PBXBuildFile; fileRef = BB39A5F22067C0CB00184CB1 /* Main.storyboard */; };
		BB39A5F62067C0CB00184CB1 /* Assets.xcassets in Resources */ = {isa = PBXBuildFile; fileRef = BB39A5F52067C0CB00184CB1 /* Assets.xcassets */; };
		BB39A5F92067C0CB00184CB1 /* LaunchScreen.storyboard in Resources */ = {isa = PBXBuildFile; fileRef = BB39A5F72067C0CB00184CB1 /* LaunchScreen.storyboard */; };
		BB39A6042067C0CB00184CB1 /* DocTalkGitHubTaskTests.swift in Sources */ = {isa = PBXBuildFile; fileRef = BB39A6032067C0CB00184CB1 /* DocTalkGitHubTaskTests.swift */; };
		BB39A60F2067C0CB00184CB1 /* DocTalkGitHubTaskUITests.swift in Sources */ = {isa = PBXBuildFile; fileRef = BB39A60E2067C0CB00184CB1 /* DocTalkGitHubTaskUITests.swift */; };
		BB85E382206811FC0080E221 /* RSearchUserTableViewController.swift in Sources */ = {isa = PBXBuildFile; fileRef = BB85E381206811FC0080E221 /* RSearchUserTableViewController.swift */; };
		BB85E388206817080080E221 /* User.swift in Sources */ = {isa = PBXBuildFile; fileRef = BB85E387206817080080E221 /* User.swift */; };
		BB85E38A206817D40080E221 /* UserListingApi.swift in Sources */ = {isa = PBXBuildFile; fileRef = BB85E389206817D40080E221 /* UserListingApi.swift */; };
		BB85E38E20681BA00080E221 /* NetworkManager.swift in Sources */ = {isa = PBXBuildFile; fileRef = BB85E38D20681BA00080E221 /* NetworkManager.swift */; };
		C4C4E9E059069FAE521FE5B8 /* Pods_DocTalkGitHubTask.framework in Frameworks */ = {isa = PBXBuildFile; fileRef = 5CA4D9644FDA0B7D98018D27 /* Pods_DocTalkGitHubTask.framework */; };
/* End PBXBuildFile section */

/* Begin PBXContainerItemProxy section */
		BB39A6002067C0CB00184CB1 /* PBXContainerItemProxy */ = {
			isa = PBXContainerItemProxy;
			containerPortal = BB39A5E32067C0CA00184CB1 /* Project object */;
			proxyType = 1;
			remoteGlobalIDString = BB39A5EA2067C0CA00184CB1;
			remoteInfo = DocTalkGitHubTask;
		};
		BB39A60B2067C0CB00184CB1 /* PBXContainerItemProxy */ = {
			isa = PBXContainerItemProxy;
			containerPortal = BB39A5E32067C0CA00184CB1 /* Project object */;
			proxyType = 1;
			remoteGlobalIDString = BB39A5EA2067C0CA00184CB1;
			remoteInfo = DocTalkGitHubTask;
		};
/* End PBXContainerItemProxy section */

/* Begin PBXFileReference section */
		52094886D448AE46AA9B38ED /* Pods-DocTalkGitHubTaskTests.release.xcconfig */ = {isa = PBXFileReference; includeInIndex = 1; lastKnownFileType = text.xcconfig; name = "Pods-DocTalkGitHubTaskTests.release.xcconfig"; path = "Pods/Target Support Files/Pods-DocTalkGitHubTaskTests/Pods-DocTalkGitHubTaskTests.release.xcconfig"; sourceTree = "<group>"; };
		54F7BCE452D53B6B3C7AE973 /* Pods-DocTalkGitHubTask.release.xcconfig */ = {isa = PBXFileReference; includeInIndex = 1; lastKnownFileType = text.xcconfig; name = "Pods-DocTalkGitHubTask.release.xcconfig"; path = "Pods/Target Support Files/Pods-DocTalkGitHubTask/Pods-DocTalkGitHubTask.release.xcconfig"; sourceTree = "<group>"; };
		5CA4D9644FDA0B7D98018D27 /* Pods_DocTalkGitHubTask.framework */ = {isa = PBXFileReference; explicitFileType = wrapper.framework; includeInIndex = 0; path = Pods_DocTalkGitHubTask.framework; sourceTree = BUILT_PRODUCTS_DIR; };
		874AE29F102A6A931D722F80 /* Pods_DocTalkGitHubTaskUITests.framework */ = {isa = PBXFileReference; explicitFileType = wrapper.framework; includeInIndex = 0; path = Pods_DocTalkGitHubTaskUITests.framework; sourceTree = BUILT_PRODUCTS_DIR; };
		92B1D4AEA481DCFFABF8D4A4 /* Pods-DocTalkGitHubTask.debug.xcconfig */ = {isa = PBXFileReference; includeInIndex = 1; lastKnownFileType = text.xcconfig; name = "Pods-DocTalkGitHubTask.debug.xcconfig"; path = "Pods/Target Support Files/Pods-DocTalkGitHubTask/Pods-DocTalkGitHubTask.debug.xcconfig"; sourceTree = "<group>"; };
		94EA582F3996FB1F982751EB /* Pods-DocTalkGitHubTaskTests.debug.xcconfig */ = {isa = PBXFileReference; includeInIndex = 1; lastKnownFileType = text.xcconfig; name = "Pods-DocTalkGitHubTaskTests.debug.xcconfig"; path = "Pods/Target Support Files/Pods-DocTalkGitHubTaskTests/Pods-DocTalkGitHubTaskTests.debug.xcconfig"; sourceTree = "<group>"; };
		ABB7D1524329C1ABC3CC71A5 /* Pods-DocTalkGitHubTaskUITests.release.xcconfig */ = {isa = PBXFileReference; includeInIndex = 1; lastKnownFileType = text.xcconfig; name = "Pods-DocTalkGitHubTaskUITests.release.xcconfig"; path = "Pods/Target Support Files/Pods-DocTalkGitHubTaskUITests/Pods-DocTalkGitHubTaskUITests.release.xcconfig"; sourceTree = "<group>"; };
		BB39A5EB2067C0CA00184CB1 /* DocTalkGitHubTask.app */ = {isa = PBXFileReference; explicitFileType = wrapper.application; includeInIndex = 0; path = DocTalkGitHubTask.app; sourceTree = BUILT_PRODUCTS_DIR; };
		BB39A5EE2067C0CB00184CB1 /* AppDelegate.swift */ = {isa = PBXFileReference; lastKnownFileType = sourcecode.swift; path = AppDelegate.swift; sourceTree = "<group>"; };
		BB39A5F32067C0CB00184CB1 /* Base */ = {isa = PBXFileReference; lastKnownFileType = file.storyboard; name = Base; path = Base.lproj/Main.storyboard; sourceTree = "<group>"; };
		BB39A5F52067C0CB00184CB1 /* Assets.xcassets */ = {isa = PBXFileReference; lastKnownFileType = folder.assetcatalog; path = Assets.xcassets; sourceTree = "<group>"; };
		BB39A5F82067C0CB00184CB1 /* Base */ = {isa = PBXFileReference; lastKnownFileType = file.storyboard; name = Base; path = Base.lproj/LaunchScreen.storyboard; sourceTree = "<group>"; };
		BB39A5FA2067C0CB00184CB1 /* Info.plist */ = {isa = PBXFileReference; lastKnownFileType = text.plist.xml; path = Info.plist; sourceTree = "<group>"; };
		BB39A5FF2067C0CB00184CB1 /* DocTalkGitHubTaskTests.xctest */ = {isa = PBXFileReference; explicitFileType = wrapper.cfbundle; includeInIndex = 0; path = DocTalkGitHubTaskTests.xctest; sourceTree = BUILT_PRODUCTS_DIR; };
		BB39A6032067C0CB00184CB1 /* DocTalkGitHubTaskTests.swift */ = {isa = PBXFileReference; lastKnownFileType = sourcecode.swift; path = DocTalkGitHubTaskTests.swift; sourceTree = "<group>"; };
		BB39A6052067C0CB00184CB1 /* Info.plist */ = {isa = PBXFileReference; lastKnownFileType = text.plist.xml; path = Info.plist; sourceTree = "<group>"; };
		BB39A60A2067C0CB00184CB1 /* DocTalkGitHubTaskUITests.xctest */ = {isa = PBXFileReference; explicitFileType = wrapper.cfbundle; includeInIndex = 0; path = DocTalkGitHubTaskUITests.xctest; sourceTree = BUILT_PRODUCTS_DIR; };
		BB39A60E2067C0CB00184CB1 /* DocTalkGitHubTaskUITests.swift */ = {isa = PBXFileReference; lastKnownFileType = sourcecode.swift; path = DocTalkGitHubTaskUITests.swift; sourceTree = "<group>"; };
		BB39A6102067C0CB00184CB1 /* Info.plist */ = {isa = PBXFileReference; lastKnownFileType = text.plist.xml; path = Info.plist; sourceTree = "<group>"; };
		BB85E381206811FC0080E221 /* RSearchUserTableViewController.swift */ = {isa = PBXFileReference; lastKnownFileType = sourcecode.swift; path = RSearchUserTableViewController.swift; sourceTree = "<group>"; };
		BB85E387206817080080E221 /* User.swift */ = {isa = PBXFileReference; lastKnownFileType = sourcecode.swift; path = User.swift; sourceTree = "<group>"; };
		BB85E389206817D40080E221 /* UserListingApi.swift */ = {isa = PBXFileReference; lastKnownFileType = sourcecode.swift; path = UserListingApi.swift; sourceTree = "<group>"; };
		BB85E38D20681BA00080E221 /* NetworkManager.swift */ = {isa = PBXFileReference; lastKnownFileType = sourcecode.swift; path = NetworkManager.swift; sourceTree = "<group>"; };
		D4B9120CDEB814B1D8047E39 /* Pods_DocTalkGitHubTaskTests.framework */ = {isa = PBXFileReference; explicitFileType = wrapper.framework; includeInIndex = 0; path = Pods_DocTalkGitHubTaskTests.framework; sourceTree = BUILT_PRODUCTS_DIR; };
		D9019168E5610D3CD0451822 /* Pods-DocTalkGitHubTaskUITests.debug.xcconfig */ = {isa = PBXFileReference; includeInIndex = 1; lastKnownFileType = text.xcconfig; name = "Pods-DocTalkGitHubTaskUITests.debug.xcconfig"; path = "Pods/Target Support Files/Pods-DocTalkGitHubTaskUITests/Pods-DocTalkGitHubTaskUITests.debug.xcconfig"; sourceTree = "<group>"; };
/* End PBXFileReference section */

/* Begin PBXFrameworksBuildPhase section */
		BB39A5E82067C0CA00184CB1 /* Frameworks */ = {
			isa = PBXFrameworksBuildPhase;
			buildActionMask = 2147483647;
			files = (
				C4C4E9E059069FAE521FE5B8 /* Pods_DocTalkGitHubTask.framework in Frameworks */,
			);
			runOnlyForDeploymentPostprocessing = 0;
		};
		BB39A5FC2067C0CB00184CB1 /* Frameworks */ = {
			isa = PBXFrameworksBuildPhase;
			buildActionMask = 2147483647;
			files = (
				2DB3717CCA3CB71EACCB9817 /* Pods_DocTalkGitHubTaskTests.framework in Frameworks */,
			);
			runOnlyForDeploymentPostprocessing = 0;
		};
		BB39A6072067C0CB00184CB1 /* Frameworks */ = {
			isa = PBXFrameworksBuildPhase;
			buildActionMask = 2147483647;
			files = (
				5859FE63BEEF95442C47635B /* Pods_DocTalkGitHubTaskUITests.framework in Frameworks */,
			);
			runOnlyForDeploymentPostprocessing = 0;
		};
/* End PBXFrameworksBuildPhase section */

/* Begin PBXGroup section */
		36ECC392A0B1591FCB5C0032 /* Frameworks */ = {
			isa = PBXGroup;
			children = (
				5CA4D9644FDA0B7D98018D27 /* Pods_DocTalkGitHubTask.framework */,
				D4B9120CDEB814B1D8047E39 /* Pods_DocTalkGitHubTaskTests.framework */,
				874AE29F102A6A931D722F80 /* Pods_DocTalkGitHubTaskUITests.framework */,
			);
			name = Frameworks;
			sourceTree = "<group>";
		};
		8EC16E84E4037E26D95CD582 /* Pods */ = {
			isa = PBXGroup;
			children = (
				92B1D4AEA481DCFFABF8D4A4 /* Pods-DocTalkGitHubTask.debug.xcconfig */,
				54F7BCE452D53B6B3C7AE973 /* Pods-DocTalkGitHubTask.release.xcconfig */,
				94EA582F3996FB1F982751EB /* Pods-DocTalkGitHubTaskTests.debug.xcconfig */,
				52094886D448AE46AA9B38ED /* Pods-DocTalkGitHubTaskTests.release.xcconfig */,
				D9019168E5610D3CD0451822 /* Pods-DocTalkGitHubTaskUITests.debug.xcconfig */,
				ABB7D1524329C1ABC3CC71A5 /* Pods-DocTalkGitHubTaskUITests.release.xcconfig */,
			);
			name = Pods;
			sourceTree = "<group>";
		};
		BB39A5E22067C0CA00184CB1 = {
			isa = PBXGroup;
			children = (
				BB39A5ED2067C0CA00184CB1 /* DocTalkGitHubTask */,
				BB39A6022067C0CB00184CB1 /* DocTalkGitHubTaskTests */,
				BB39A60D2067C0CB00184CB1 /* DocTalkGitHubTaskUITests */,
				BB39A5EC2067C0CA00184CB1 /* Products */,
				8EC16E84E4037E26D95CD582 /* Pods */,
				36ECC392A0B1591FCB5C0032 /* Frameworks */,
			);
			sourceTree = "<group>";
		};
		BB39A5EC2067C0CA00184CB1 /* Products */ = {
			isa = PBXGroup;
			children = (
				BB39A5EB2067C0CA00184CB1 /* DocTalkGitHubTask.app */,
				BB39A5FF2067C0CB00184CB1 /* DocTalkGitHubTaskTests.xctest */,
				BB39A60A2067C0CB00184CB1 /* DocTalkGitHubTaskUITests.xctest */,
			);
			name = Products;
			sourceTree = "<group>";
		};
		BB39A5ED2067C0CA00184CB1 /* DocTalkGitHubTask */ = {
			isa = PBXGroup;
			children = (
				BB85E386206815F80080E221 /* Model */,
				BB85E385206815EC0080E221 /* Networking */,
				BB39A5EE2067C0CB00184CB1 /* AppDelegate.swift */,
				BB39A5F22067C0CB00184CB1 /* Main.storyboard */,
				BB39A5F52067C0CB00184CB1 /* Assets.xcassets */,
				BB39A5F72067C0CB00184CB1 /* LaunchScreen.storyboard */,
				BB39A5FA2067C0CB00184CB1 /* Info.plist */,
				BB85E381206811FC0080E221 /* RSearchUserTableViewController.swift */,
			);
			path = DocTalkGitHubTask;
			sourceTree = "<group>";
		};
		BB39A6022067C0CB00184CB1 /* DocTalkGitHubTaskTests */ = {
			isa = PBXGroup;
			children = (
				BB39A6032067C0CB00184CB1 /* DocTalkGitHubTaskTests.swift */,
				BB39A6052067C0CB00184CB1 /* Info.plist */,
			);
			path = DocTalkGitHubTaskTests;
			sourceTree = "<group>";
		};
		BB39A60D2067C0CB00184CB1 /* DocTalkGitHubTaskUITests */ = {
			isa = PBXGroup;
			children = (
				BB39A60E2067C0CB00184CB1 /* DocTalkGitHubTaskUITests.swift */,
				BB39A6102067C0CB00184CB1 /* Info.plist */,
			);
			path = DocTalkGitHubTaskUITests;
			sourceTree = "<group>";
		};
		BB85E385206815EC0080E221 /* Networking */ = {
			isa = PBXGroup;
			children = (
				BB85E38D20681BA00080E221 /* NetworkManager.swift */,
			);
			path = Networking;
			sourceTree = "<group>";
		};
		BB85E386206815F80080E221 /* Model */ = {
			isa = PBXGroup;
			children = (
				BB85E387206817080080E221 /* User.swift */,
				BB85E389206817D40080E221 /* UserListingApi.swift */,
			);
			path = Model;
			sourceTree = "<group>";
		};
/* End PBXGroup section */

/* Begin PBXNativeTarget section */
		BB39A5EA2067C0CA00184CB1 /* DocTalkGitHubTask */ = {
			isa = PBXNativeTarget;
			buildConfigurationList = BB39A6132067C0CB00184CB1 /* Build configuration list for PBXNativeTarget "DocTalkGitHubTask" */;
			buildPhases = (
				804A0F01E64A998CF1A41BD2 /* [CP] Check Pods Manifest.lock */,
				BB39A5E72067C0CA00184CB1 /* Sources */,
				BB39A5E82067C0CA00184CB1 /* Frameworks */,
				BB39A5E92067C0CA00184CB1 /* Resources */,
				A45C87B6FA323EACA085FF9B /* [CP] Embed Pods Frameworks */,
				EF62377EA481C7D7D45FBA0B /* [CP] Copy Pods Resources */,
			);
			buildRules = (
			);
			dependencies = (
			);
			name = DocTalkGitHubTask;
			productName = DocTalkGitHubTask;
			productReference = BB39A5EB2067C0CA00184CB1 /* DocTalkGitHubTask.app */;
			productType = "com.apple.product-type.application";
		};
		BB39A5FE2067C0CB00184CB1 /* DocTalkGitHubTaskTests */ = {
			isa = PBXNativeTarget;
			buildConfigurationList = BB39A6162067C0CB00184CB1 /* Build configuration list for PBXNativeTarget "DocTalkGitHubTaskTests" */;
			buildPhases = (
				77CBE3B4F098BC51FB0A1899 /* [CP] Check Pods Manifest.lock */,
				BB39A5FB2067C0CB00184CB1 /* Sources */,
				BB39A5FC2067C0CB00184CB1 /* Frameworks */,
				BB39A5FD2067C0CB00184CB1 /* Resources */,
				7E70E7D97A41723D82108AE0 /* [CP] Embed Pods Frameworks */,
				6470E2F5097DC8FF7AD515F8 /* [CP] Copy Pods Resources */,
			);
			buildRules = (
			);
			dependencies = (
				BB39A6012067C0CB00184CB1 /* PBXTargetDependency */,
			);
			name = DocTalkGitHubTaskTests;
			productName = DocTalkGitHubTaskTests;
			productReference = BB39A5FF2067C0CB00184CB1 /* DocTalkGitHubTaskTests.xctest */;
			productType = "com.apple.product-type.bundle.unit-test";
		};
		BB39A6092067C0CB00184CB1 /* DocTalkGitHubTaskUITests */ = {
			isa = PBXNativeTarget;
			buildConfigurationList = BB39A6192067C0CB00184CB1 /* Build configuration list for PBXNativeTarget "DocTalkGitHubTaskUITests" */;
			buildPhases = (
				447185D94A941F478859D76B /* [CP] Check Pods Manifest.lock */,
				BB39A6062067C0CB00184CB1 /* Sources */,
				BB39A6072067C0CB00184CB1 /* Frameworks */,
				BB39A6082067C0CB00184CB1 /* Resources */,
				DCE02F7AF56E7BDDE4707D5E /* [CP] Embed Pods Frameworks */,
				DD48FDEC9894EB41FB13AA05 /* [CP] Copy Pods Resources */,
			);
			buildRules = (
			);
			dependencies = (
				BB39A60C2067C0CB00184CB1 /* PBXTargetDependency */,
			);
			name = DocTalkGitHubTaskUITests;
			productName = DocTalkGitHubTaskUITests;
			productReference = BB39A60A2067C0CB00184CB1 /* DocTalkGitHubTaskUITests.xctest */;
			productType = "com.apple.product-type.bundle.ui-testing";
		};
/* End PBXNativeTarget section */

/* Begin PBXProject section */
		BB39A5E32067C0CA00184CB1 /* Project object */ = {
			isa = PBXProject;
			attributes = {
				LastSwiftUpdateCheck = 0920;
				LastUpgradeCheck = 0920;
				ORGANIZATIONNAME = rahulg;
				TargetAttributes = {
					BB39A5EA2067C0CA00184CB1 = {
						CreatedOnToolsVersion = 9.2;
						ProvisioningStyle = Automatic;
					};
					BB39A5FE2067C0CB00184CB1 = {
						CreatedOnToolsVersion = 9.2;
						ProvisioningStyle = Automatic;
						TestTargetID = BB39A5EA2067C0CA00184CB1;
					};
					BB39A6092067C0CB00184CB1 = {
						CreatedOnToolsVersion = 9.2;
						ProvisioningStyle = Automatic;
						TestTargetID = BB39A5EA2067C0CA00184CB1;
					};
				};
			};
			buildConfigurationList = BB39A5E62067C0CA00184CB1 /* Build configuration list for PBXProject "DocTalkGitHubTask" */;
			compatibilityVersion = "Xcode 8.0";
			developmentRegion = en;
			hasScannedForEncodings = 0;
			knownRegions = (
				en,
				Base,
			);
			mainGroup = BB39A5E22067C0CA00184CB1;
			productRefGroup = BB39A5EC2067C0CA00184CB1 /* Products */;
			projectDirPath = "";
			projectRoot = "";
			targets = (
				BB39A5EA2067C0CA00184CB1 /* DocTalkGitHubTask */,
				BB39A5FE2067C0CB00184CB1 /* DocTalkGitHubTaskTests */,
				BB39A6092067C0CB00184CB1 /* DocTalkGitHubTaskUITests */,
			);
		};
/* End PBXProject section */

/* Begin PBXResourcesBuildPhase section */
		BB39A5E92067C0CA00184CB1 /* Resources */ = {
			isa = PBXResourcesBuildPhase;
			buildActionMask = 2147483647;
			files = (
				BB39A5F92067C0CB00184CB1 /* LaunchScreen.storyboard in Resources */,
				BB39A5F62067C0CB00184CB1 /* Assets.xcassets in Resources */,
				BB39A5F42067C0CB00184CB1 /* Main.storyboard in Resources */,
			);
			runOnlyForDeploymentPostprocessing = 0;
		};
		BB39A5FD2067C0CB00184CB1 /* Resources */ = {
			isa = PBXResourcesBuildPhase;
			buildActionMask = 2147483647;
			files = (
			);
			runOnlyForDeploymentPostprocessing = 0;
		};
		BB39A6082067C0CB00184CB1 /* Resources */ = {
			isa = PBXResourcesBuildPhase;
			buildActionMask = 2147483647;
			files = (
			);
			runOnlyForDeploymentPostprocessing = 0;
		};
/* End PBXResourcesBuildPhase section */

/* Begin PBXShellScriptBuildPhase section */
		447185D94A941F478859D76B /* [CP] Check Pods Manifest.lock */ = {
			isa = PBXShellScriptBuildPhase;
			buildActionMask = 2147483647;
			files = (
			);
			inputPaths = (
				"${PODS_PODFILE_DIR_PATH}/Podfile.lock",
				"${PODS_ROOT}/Manifest.lock",
			);
			name = "[CP] Check Pods Manifest.lock";
			outputPaths = (
				"$(DERIVED_FILE_DIR)/Pods-DocTalkGitHubTaskUITests-checkManifestLockResult.txt",
			);
			runOnlyForDeploymentPostprocessing = 0;
			shellPath = /bin/sh;
			shellScript = "diff \"${PODS_PODFILE_DIR_PATH}/Podfile.lock\" \"${PODS_ROOT}/Manifest.lock\" > /dev/null\nif [ $? != 0 ] ; then\n    # print error to STDERR\n    echo \"error: The sandbox is not in sync with the Podfile.lock. Run 'pod install' or update your CocoaPods installation.\" >&2\n    exit 1\nfi\n# This output is used by Xcode 'outputs' to avoid re-running this script phase.\necho \"SUCCESS\" > \"${SCRIPT_OUTPUT_FILE_0}\"\n";
			showEnvVarsInLog = 0;
		};
		6470E2F5097DC8FF7AD515F8 /* [CP] Copy Pods Resources */ = {
			isa = PBXShellScriptBuildPhase;
			buildActionMask = 2147483647;
			files = (
			);
			inputPaths = (
			);
			name = "[CP] Copy Pods Resources";
			outputPaths = (
			);
			runOnlyForDeploymentPostprocessing = 0;
			shellPath = /bin/sh;
			shellScript = "\"${SRCROOT}/Pods/Target Support Files/Pods-DocTalkGitHubTaskTests/Pods-DocTalkGitHubTaskTests-resources.sh\"\n";
			showEnvVarsInLog = 0;
		};
		77CBE3B4F098BC51FB0A1899 /* [CP] Check Pods Manifest.lock */ = {
			isa = PBXShellScriptBuildPhase;
			buildActionMask = 2147483647;
			files = (
			);
			inputPaths = (
				"${PODS_PODFILE_DIR_PATH}/Podfile.lock",
				"${PODS_ROOT}/Manifest.lock",
			);
			name = "[CP] Check Pods Manifest.lock";
			outputPaths = (
				"$(DERIVED_FILE_DIR)/Pods-DocTalkGitHubTaskTests-checkManifestLockResult.txt",
			);
			runOnlyForDeploymentPostprocessing = 0;
			shellPath = /bin/sh;
			shellScript = "diff \"${PODS_PODFILE_DIR_PATH}/Podfile.lock\" \"${PODS_ROOT}/Manifest.lock\" > /dev/null\nif [ $? != 0 ] ; then\n    # print error to STDERR\n    echo \"error: The sandbox is not in sync with the Podfile.lock. Run 'pod install' or update your CocoaPods installation.\" >&2\n    exit 1\nfi\n# This output is used by Xcode 'outputs' to avoid re-running this script phase.\necho \"SUCCESS\" > \"${SCRIPT_OUTPUT_FILE_0}\"\n";
			showEnvVarsInLog = 0;
		};
		7E70E7D97A41723D82108AE0 /* [CP] Embed Pods Frameworks */ = {
			isa = PBXShellScriptBuildPhase;
			buildActionMask = 2147483647;
			files = (
			);
			inputPaths = (
			);
			name = "[CP] Embed Pods Frameworks";
			outputPaths = (
			);
			runOnlyForDeploymentPostprocessing = 0;
			shellPath = /bin/sh;
			shellScript = "\"${SRCROOT}/Pods/Target Support Files/Pods-DocTalkGitHubTaskTests/Pods-DocTalkGitHubTaskTests-frameworks.sh\"\n";
			showEnvVarsInLog = 0;
		};
		804A0F01E64A998CF1A41BD2 /* [CP] Check Pods Manifest.lock */ = {
			isa = PBXShellScriptBuildPhase;
			buildActionMask = 2147483647;
			files = (
			);
			inputPaths = (
				"${PODS_PODFILE_DIR_PATH}/Podfile.lock",
				"${PODS_ROOT}/Manifest.lock",
			);
			name = "[CP] Check Pods Manifest.lock";
			outputPaths = (
				"$(DERIVED_FILE_DIR)/Pods-DocTalkGitHubTask-checkManifestLockResult.txt",
			);
			runOnlyForDeploymentPostprocessing = 0;
			shellPath = /bin/sh;
			shellScript = "diff \"${PODS_PODFILE_DIR_PATH}/Podfile.lock\" \"${PODS_ROOT}/Manifest.lock\" > /dev/null\nif [ $? != 0 ] ; then\n    # print error to STDERR\n    echo \"error: The sandbox is not in sync with the Podfile.lock. Run 'pod install' or update your CocoaPods installation.\" >&2\n    exit 1\nfi\n# This output is used by Xcode 'outputs' to avoid re-running this script phase.\necho \"SUCCESS\" > \"${SCRIPT_OUTPUT_FILE_0}\"\n";
			showEnvVarsInLog = 0;
		};
		A45C87B6FA323EACA085FF9B /* [CP] Embed Pods Frameworks */ = {
			isa = PBXShellScriptBuildPhase;
			buildActionMask = 2147483647;
			files = (
			);
			inputPaths = (
				"${SRCROOT}/Pods/Target Support Files/Pods-DocTalkGitHubTask/Pods-DocTalkGitHubTask-frameworks.sh",
				"${BUILT_PRODUCTS_DIR}/Alamofire/Alamofire.framework",
			);
			name = "[CP] Embed Pods Frameworks";
			outputPaths = (
				"${TARGET_BUILD_DIR}/${FRAMEWORKS_FOLDER_PATH}/Alamofire.framework",
			);
			runOnlyForDeploymentPostprocessing = 0;
			shellPath = /bin/sh;
			shellScript = "\"${SRCROOT}/Pods/Target Support Files/Pods-DocTalkGitHubTask/Pods-DocTalkGitHubTask-frameworks.sh\"\n";
			showEnvVarsInLog = 0;
		};
		DCE02F7AF56E7BDDE4707D5E /* [CP] Embed Pods Frameworks */ = {
			isa = PBXShellScriptBuildPhase;
			buildActionMask = 2147483647;
			files = (
			);
			inputPaths = (
			);
			name = "[CP] Embed Pods Frameworks";
			outputPaths = (
			);
			runOnlyForDeploymentPostprocessing = 0;
			shellPath = /bin/sh;
			shellScript = "\"${SRCROOT}/Pods/Target Support Files/Pods-DocTalkGitHubTaskUITests/Pods-DocTalkGitHubTaskUITests-frameworks.sh\"\n";
			showEnvVarsInLog = 0;
		};
		DD48FDEC9894EB41FB13AA05 /* [CP] Copy Pods Resources */ = {
			isa = PBXShellScriptBuildPhase;
			buildActionMask = 2147483647;
			files = (
			);
			inputPaths = (
			);
			name = "[CP] Copy Pods Resources";
			outputPaths = (
			);
			runOnlyForDeploymentPostprocessing = 0;
			shellPath = /bin/sh;
			shellScript = "\"${SRCROOT}/Pods/Target Support Files/Pods-DocTalkGitHubTaskUITests/Pods-DocTalkGitHubTaskUITests-resources.sh\"\n";
			showEnvVarsInLog = 0;
		};
		EF62377EA481C7D7D45FBA0B /* [CP] Copy Pods Resources */ = {
			isa = PBXShellScriptBuildPhase;
			buildActionMask = 2147483647;
			files = (
			);
			inputPaths = (
			);
			name = "[CP] Copy Pods Resources";
			outputPaths = (
			);
			runOnlyForDeploymentPostprocessing = 0;
			shellPath = /bin/sh;
			shellScript = "\"${SRCROOT}/Pods/Target Support Files/Pods-DocTalkGitHubTask/Pods-DocTalkGitHubTask-resources.sh\"\n";
			showEnvVarsInLog = 0;
		};
/* End PBXShellScriptBuildPhase section */

/* Begin PBXSourcesBuildPhase section */
		BB39A5E72067C0CA00184CB1 /* Sources */ = {
			isa = PBXSourcesBuildPhase;
			buildActionMask = 2147483647;
			files = (
				BB85E388206817080080E221 /* User.swift in Sources */,
				BB85E38E20681BA00080E221 /* NetworkManager.swift in Sources */,
				BB39A5EF2067C0CB00184CB1 /* AppDelegate.swift in Sources */,
				BB85E38A206817D40080E221 /* UserListingApi.swift in Sources */,
				BB85E382206811FC0080E221 /* RSearchUserTableViewController.swift in Sources */,
			);
			runOnlyForDeploymentPostprocessing = 0;
		};
		BB39A5FB2067C0CB00184CB1 /* Sources */ = {
			isa = PBXSourcesBuildPhase;
			buildActionMask = 2147483647;
			files = (
				BB39A6042067C0CB00184CB1 /* DocTalkGitHubTaskTests.swift in Sources */,
			);
			runOnlyForDeploymentPostprocessing = 0;
		};
		BB39A6062067C0CB00184CB1 /* Sources */ = {
			isa = PBXSourcesBuildPhase;
			buildActionMask = 2147483647;
			files = (
				BB39A60F2067C0CB00184CB1 /* DocTalkGitHubTaskUITests.swift in Sources */,
			);
			runOnlyForDeploymentPostprocessing = 0;
		};
/* End PBXSourcesBuildPhase section */

/* Begin PBXTargetDependency section */
		BB39A6012067C0CB00184CB1 /* PBXTargetDependency */ = {
			isa = PBXTargetDependency;
			target = BB39A5EA2067C0CA00184CB1 /* DocTalkGitHubTask */;
			targetProxy = BB39A6002067C0CB00184CB1 /* PBXContainerItemProxy */;
		};
		BB39A60C2067C0CB00184CB1 /* PBXTargetDependency */ = {
			isa = PBXTargetDependency;
			target = BB39A5EA2067C0CA00184CB1 /* DocTalkGitHubTask */;
			targetProxy = BB39A60B2067C0CB00184CB1 /* PBXContainerItemProxy */;
		};
/* End PBXTargetDependency section */

/* Begin PBXVariantGroup section */
		BB39A5F22067C0CB00184CB1 /* Main.storyboard */ = {
			isa = PBXVariantGroup;
			children = (
				BB39A5F32067C0CB00184CB1 /* Base */,
			);
			name = Main.storyboard;
			sourceTree = "<group>";
		};
		BB39A5F72067C0CB00184CB1 /* LaunchScreen.storyboard */ = {
			isa = PBXVariantGroup;
			children = (
				BB39A5F82067C0CB00184CB1 /* Base */,
			);
			name = LaunchScreen.storyboard;
			sourceTree = "<group>";
		};
/* End PBXVariantGroup section */

/* Begin XCBuildConfiguration section */
		BB39A6112067C0CB00184CB1 /* Debug */ = {
			isa = XCBuildConfiguration;
			buildSettings = {
				ALWAYS_SEARCH_USER_PATHS = NO;
				CLANG_ANALYZER_NONNULL = YES;
				CLANG_ANALYZER_NUMBER_OBJECT_CONVERSION = YES_AGGRESSIVE;
				CLANG_CXX_LANGUAGE_STANDARD = "gnu++14";
				CLANG_CXX_LIBRARY = "libc++";
				CLANG_ENABLE_MODULES = YES;
				CLANG_ENABLE_OBJC_ARC = YES;
				CLANG_WARN_BLOCK_CAPTURE_AUTORELEASING = YES;
				CLANG_WARN_BOOL_CONVERSION = YES;
				CLANG_WARN_COMMA = YES;
				CLANG_WARN_CONSTANT_CONVERSION = YES;
				CLANG_WARN_DIRECT_OBJC_ISA_USAGE = YES_ERROR;
				CLANG_WARN_DOCUMENTATION_COMMENTS = YES;
				CLANG_WARN_EMPTY_BODY = YES;
				CLANG_WARN_ENUM_CONVERSION = YES;
				CLANG_WARN_INFINITE_RECURSION = YES;
				CLANG_WARN_INT_CONVERSION = YES;
				CLANG_WARN_NON_LITERAL_NULL_CONVERSION = YES;
				CLANG_WARN_OBJC_LITERAL_CONVERSION = YES;
				CLANG_WARN_OBJC_ROOT_CLASS = YES_ERROR;
				CLANG_WARN_RANGE_LOOP_ANALYSIS = YES;
				CLANG_WARN_STRICT_PROTOTYPES = YES;
				CLANG_WARN_SUSPICIOUS_MOVE = YES;
				CLANG_WARN_UNGUARDED_AVAILABILITY = YES_AGGRESSIVE;
				CLANG_WARN_UNREACHABLE_CODE = YES;
				CLANG_WARN__DUPLICATE_METHOD_MATCH = YES;
				CODE_SIGN_IDENTITY = "iPhone Developer";
				COPY_PHASE_STRIP = NO;
				DEBUG_INFORMATION_FORMAT = dwarf;
				ENABLE_STRICT_OBJC_MSGSEND = YES;
				ENABLE_TESTABILITY = YES;
				GCC_C_LANGUAGE_STANDARD = gnu11;
				GCC_DYNAMIC_NO_PIC = NO;
				GCC_NO_COMMON_BLOCKS = YES;
				GCC_OPTIMIZATION_LEVEL = 0;
				GCC_PREPROCESSOR_DEFINITIONS = (
					"DEBUG=1",
					"$(inherited)",
				);
				GCC_WARN_64_TO_32_BIT_CONVERSION = YES;
				GCC_WARN_ABOUT_RETURN_TYPE = YES_ERROR;
				GCC_WARN_UNDECLARED_SELECTOR = YES;
				GCC_WARN_UNINITIALIZED_AUTOS = YES_AGGRESSIVE;
				GCC_WARN_UNUSED_FUNCTION = YES;
				GCC_WARN_UNUSED_VARIABLE = YES;
				IPHONEOS_DEPLOYMENT_TARGET = 11.2;
				MTL_ENABLE_DEBUG_INFO = YES;
				ONLY_ACTIVE_ARCH = YES;
				SDKROOT = iphoneos;
				SWIFT_ACTIVE_COMPILATION_CONDITIONS = DEBUG;
				SWIFT_OPTIMIZATION_LEVEL = "-Onone";
			};
			name = Debug;
		};
		BB39A6122067C0CB00184CB1 /* Release */ = {
			isa = XCBuildConfiguration;
			buildSettings = {
				ALWAYS_SEARCH_USER_PATHS = NO;
				CLANG_ANALYZER_NONNULL = YES;
				CLANG_ANALYZER_NUMBER_OBJECT_CONVERSION = YES_AGGRESSIVE;
				CLANG_CXX_LANGUAGE_STANDARD = "gnu++14";
				CLANG_CXX_LIBRARY = "libc++";
				CLANG_ENABLE_MODULES = YES;
				CLANG_ENABLE_OBJC_ARC = YES;
				CLANG_WARN_BLOCK_CAPTURE_AUTORELEASING = YES;
				CLANG_WARN_BOOL_CONVERSION = YES;
				CLANG_WARN_COMMA = YES;
				CLANG_WARN_CONSTANT_CONVERSION = YES;
				CLANG_WARN_DIRECT_OBJC_ISA_USAGE = YES_ERROR;
				CLANG_WARN_DOCUMENTATION_COMMENTS = YES;
				CLANG_WARN_EMPTY_BODY = YES;
				CLANG_WARN_ENUM_CONVERSION = YES;
				CLANG_WARN_INFINITE_RECURSION = YES;
				CLANG_WARN_INT_CONVERSION = YES;
				CLANG_WARN_NON_LITERAL_NULL_CONVERSION = YES;
				CLANG_WARN_OBJC_LITERAL_CONVERSION = YES;
				CLANG_WARN_OBJC_ROOT_CLASS = YES_ERROR;
				CLANG_WARN_RANGE_LOOP_ANALYSIS = YES;
				CLANG_WARN_STRICT_PROTOTYPES = YES;
				CLANG_WARN_SUSPICIOUS_MOVE = YES;
				CLANG_WARN_UNGUARDED_AVAILABILITY = YES_AGGRESSIVE;
				CLANG_WARN_UNREACHABLE_CODE = YES;
				CLANG_WARN__DUPLICATE_METHOD_MATCH = YES;
				CODE_SIGN_IDENTITY = "iPhone Developer";
				COPY_PHASE_STRIP = NO;
				DEBUG_INFORMATION_FORMAT = "dwarf-with-dsym";
				ENABLE_NS_ASSERTIONS = NO;
				ENABLE_STRICT_OBJC_MSGSEND = YES;
				GCC_C_LANGUAGE_STANDARD = gnu11;
				GCC_NO_COMMON_BLOCKS = YES;
				GCC_WARN_64_TO_32_BIT_CONVERSION = YES;
				GCC_WARN_ABOUT_RETURN_TYPE = YES_ERROR;
				GCC_WARN_UNDECLARED_SELECTOR = YES;
				GCC_WARN_UNINITIALIZED_AUTOS = YES_AGGRESSIVE;
				GCC_WARN_UNUSED_FUNCTION = YES;
				GCC_WARN_UNUSED_VARIABLE = YES;
				IPHONEOS_DEPLOYMENT_TARGET = 11.2;
				MTL_ENABLE_DEBUG_INFO = NO;
				SDKROOT = iphoneos;
				SWIFT_OPTIMIZATION_LEVEL = "-Owholemodule";
				VALIDATE_PRODUCT = YES;
			};
			name = Release;
		};
		BB39A6142067C0CB00184CB1 /* Debug */ = {
			isa = XCBuildConfiguration;
			baseConfigurationReference = 92B1D4AEA481DCFFABF8D4A4 /* Pods-DocTalkGitHubTask.debug.xcconfig */;
			buildSettings = {
				ASSETCATALOG_COMPILER_APPICON_NAME = AppIcon;
				CODE_SIGN_STYLE = Automatic;
				DEVELOPMENT_TEAM = 9KPV2EK8QS;
				INFOPLIST_FILE = DocTalkGitHubTask/Info.plist;
				LD_RUNPATH_SEARCH_PATHS = "$(inherited) @executable_path/Frameworks";
				PRODUCT_BUNDLE_IDENTIFIER = rahul.golwalkar.DocTalkGitHubTask;
				PRODUCT_NAME = "$(TARGET_NAME)";
				SWIFT_VERSION = 4.0;
				TARGETED_DEVICE_FAMILY = "1,2";
			};
			name = Debug;
		};
		BB39A6152067C0CB00184CB1 /* Release */ = {
			isa = XCBuildConfiguration;
			baseConfigurationReference = 54F7BCE452D53B6B3C7AE973 /* Pods-DocTalkGitHubTask.release.xcconfig */;
			buildSettings = {
				ASSETCATALOG_COMPILER_APPICON_NAME = AppIcon;
				CODE_SIGN_STYLE = Automatic;
				DEVELOPMENT_TEAM = 9KPV2EK8QS;
				INFOPLIST_FILE = DocTalkGitHubTask/Info.plist;
				LD_RUNPATH_SEARCH_PATHS = "$(inherited) @executable_path/Frameworks";
				PRODUCT_BUNDLE_IDENTIFIER = rahul.golwalkar.DocTalkGitHubTask;
				PRODUCT_NAME = "$(TARGET_NAME)";
				SWIFT_VERSION = 4.0;
				TARGETED_DEVICE_FAMILY = "1,2";
			};
			name = Release;
		};
		BB39A6172067C0CB00184CB1 /* Debug */ = {
			isa = XCBuildConfiguration;
			baseConfigurationReference = 94EA582F3996FB1F982751EB /* Pods-DocTalkGitHubTaskTests.debug.xcconfig */;
			buildSettings = {
				ALWAYS_EMBED_SWIFT_STANDARD_LIBRARIES = YES;
				BUNDLE_LOADER = "$(TEST_HOST)";
				CODE_SIGN_STYLE = Automatic;
				DEVELOPMENT_TEAM = 9KPV2EK8QS;
				INFOPLIST_FILE = DocTalkGitHubTaskTests/Info.plist;
				LD_RUNPATH_SEARCH_PATHS = "$(inherited) @executable_path/Frameworks @loader_path/Frameworks";
				PRODUCT_BUNDLE_IDENTIFIER = rahul.golwalkar.DocTalkGitHubTaskTests;
				PRODUCT_NAME = "$(TARGET_NAME)";
				SWIFT_VERSION = 4.0;
				TARGETED_DEVICE_FAMILY = "1,2";
				TEST_HOST = "$(BUILT_PRODUCTS_DIR)/DocTalkGitHubTask.app/DocTalkGitHubTask";
			};
			name = Debug;
		};
		BB39A6182067C0CB00184CB1 /* Release */ = {
			isa = XCBuildConfiguration;
			baseConfigurationReference = 52094886D448AE46AA9B38ED /* Pods-DocTalkGitHubTaskTests.release.xcconfig */;
			buildSettings = {
				ALWAYS_EMBED_SWIFT_STANDARD_LIBRARIES = YES;
				BUNDLE_LOADER = "$(TEST_HOST)";
				CODE_SIGN_STYLE = Automatic;
				DEVELOPMENT_TEAM = 9KPV2EK8QS;
				INFOPLIST_FILE = DocTalkGitHubTaskTests/Info.plist;
				LD_RUNPATH_SEARCH_PATHS = "$(inherited) @executable_path/Frameworks @loader_path/Frameworks";
				PRODUCT_BUNDLE_IDENTIFIER = rahul.golwalkar.DocTalkGitHubTaskTests;
				PRODUCT_NAME = "$(TARGET_NAME)";
				SWIFT_VERSION = 4.0;
				TARGETED_DEVICE_FAMILY = "1,2";
				TEST_HOST = "$(BUILT_PRODUCTS_DIR)/DocTalkGitHubTask.app/DocTalkGitHubTask";
			};
			name = Release;
		};
		BB39A61A2067C0CB00184CB1 /* Debug */ = {
			isa = XCBuildConfiguration;
			baseConfigurationReference = D9019168E5610D3CD0451822 /* Pods-DocTalkGitHubTaskUITests.debug.xcconfig */;
			buildSettings = {
				ALWAYS_EMBED_SWIFT_STANDARD_LIBRARIES = YES;
				CODE_SIGN_STYLE = Automatic;
				DEVELOPMENT_TEAM = 9KPV2EK8QS;
				INFOPLIST_FILE = DocTalkGitHubTaskUITests/Info.plist;
				LD_RUNPATH_SEARCH_PATHS = "$(inherited) @executable_path/Frameworks @loader_path/Frameworks";
				PRODUCT_BUNDLE_IDENTIFIER = rahul.golwalkar.DocTalkGitHubTaskUITests;
				PRODUCT_NAME = "$(TARGET_NAME)";
				SWIFT_VERSION = 4.0;
				TARGETED_DEVICE_FAMILY = "1,2";
				TEST_TARGET_NAME = DocTalkGitHubTask;
			};
			name = Debug;
		};
		BB39A61B2067C0CB00184CB1 /* Release */ = {
			isa = XCBuildConfiguration;
			baseConfigurationReference = ABB7D1524329C1ABC3CC71A5 /* Pods-DocTalkGitHubTaskUITests.release.xcconfig */;
			buildSettings = {
				ALWAYS_EMBED_SWIFT_STANDARD_LIBRARIES = YES;
				CODE_SIGN_STYLE = Automatic;
				DEVELOPMENT_TEAM = 9KPV2EK8QS;
				INFOPLIST_FILE = DocTalkGitHubTaskUITests/Info.plist;
				LD_RUNPATH_SEARCH_PATHS = "$(inherited) @executable_path/Frameworks @loader_path/Frameworks";
				PRODUCT_BUNDLE_IDENTIFIER = rahul.golwalkar.DocTalkGitHubTaskUITests;
				PRODUCT_NAME = "$(TARGET_NAME)";
				SWIFT_VERSION = 4.0;
				TARGETED_DEVICE_FAMILY = "1,2";
				TEST_TARGET_NAME = DocTalkGitHubTask;
			};
			name = Release;
		};
/* End XCBuildConfiguration section */

/* Begin XCConfigurationList section */
		BB39A5E62067C0CA00184CB1 /* Build configuration list for PBXProject "DocTalkGitHubTask" */ = {
			isa = XCConfigurationList;
			buildConfigurations = (
				BB39A6112067C0CB00184CB1 /* Debug */,
				BB39A6122067C0CB00184CB1 /* Release */,
			);
			defaultConfigurationIsVisible = 0;
			defaultConfigurationName = Release;
		};
		BB39A6132067C0CB00184CB1 /* Build configuration list for PBXNativeTarget "DocTalkGitHubTask" */ = {
			isa = XCConfigurationList;
			buildConfigurations = (
				BB39A6142067C0CB00184CB1 /* Debug */,
				BB39A6152067C0CB00184CB1 /* Release */,
			);
			defaultConfigurationIsVisible = 0;
			defaultConfigurationName = Release;
		};
		BB39A6162067C0CB00184CB1 /* Build configuration list for PBXNativeTarget "DocTalkGitHubTaskTests" */ = {
			isa = XCConfigurationList;
			buildConfigurations = (
				BB39A6172067C0CB00184CB1 /* Debug */,
				BB39A6182067C0CB00184CB1 /* Release */,
			);
			defaultConfigurationIsVisible = 0;
			defaultConfigurationName = Release;
		};
		BB39A6192067C0CB00184CB1 /* Build configuration list for PBXNativeTarget "DocTalkGitHubTaskUITests" */ = {
			isa = XCConfigurationList;
			buildConfigurations = (
				BB39A61A2067C0CB00184CB1 /* Debug */,
				BB39A61B2067C0CB00184CB1 /* Release */,
			);
			defaultConfigurationIsVisible = 0;
			defaultConfigurationName = Release;
		};
/* End XCConfigurationList section */
	};
	rootObject = BB39A5E32067C0CA00184CB1 /* Project object */;
}
